
Microsoft Visual Studio Solution File, Format Version 12.00
# Visual Studio Version 17
VisualStudioVersion = 17.1.32319.34
MinimumVisualStudioVersion = 10.0.40219.1
Project("{FAE04EC0-301F-11D3-BF4B-00C04F79EFBC}") = "CarsRent.WPF", "CarsRent.WPF\CarsRent.WPF.csproj", "{1AFB02DB-384D-451B-B474-C4D3A84BB54E}"
EndProject
Project("{FAE04EC0-301F-11D3-BF4B-00C04F79EFBC}") = "CarsRent.LIB", "CarsRent.LIB\CarsRent.LIB.csproj", "{468CD69D-AAEB-4BB9-B4EA-D1EBBEE7FF40}"
EndProject
Global
	GlobalSection(SolutionConfigurationPlatforms) = preSolution
		Debug|Any CPU = Debug|Any CPU
		Release|Any CPU = Release|Any CPU
	EndGlobalSection
	GlobalSection(ProjectConfigurationPlatforms) = postSolution
		{1AFB02DB-384D-451B-B474-C4D3A84BB54E}.Debug|Any CPU.ActiveCfg = Debug|Any CPU
		{1AFB02DB-384D-451B-B474-C4D3A84BB54E}.Debug|Any CPU.Build.0 = Debug|Any CPU
		{1AFB02DB-384D-451B-B474-C4D3A84BB54E}.Release|Any CPU.ActiveCfg = Release|Any CPU
		{1AFB02DB-384D-451B-B474-C4D3A84BB54E}.Release|Any CPU.Build.0 = Release|Any CPU
		{468CD69D-AAEB-4BB9-B4EA-D1EBBEE7FF40}.Debug|Any CPU.ActiveCfg = Debug|Any CPU
		{468CD69D-AAEB-4BB9-B4EA-D1EBBEE7FF40}.Debug|Any CPU.Build.0 = Debug|Any CPU
		{468CD69D-AAEB-4BB9-B4EA-D1EBBEE7FF40}.Release|Any CPU.ActiveCfg = Release|Any CPU
		{468CD69D-AAEB-4BB9-B4EA-D1EBBEE7FF40}.Release|Any CPU.Build.0 = Release|Any CPU
	EndGlobalSection
	GlobalSection(SolutionProperties) = preSolution
		HideSolutionNode = FALSE
	EndGlobalSection
	GlobalSection(ExtensibilityGlobals) = postSolution
		SolutionGuid = {7657DEA4-24CE-431E-B620-1F7BA15165B4}
	EndGlobalSection
EndGlobal
